// !$*UTF8*$!
{
	archiveVersion = 1;
	classes = {
	};
	objectVersion = 51;
	objects = {

/* Begin PBXBuildFile section */
		18BEB06554EA7CCA41CFF22B /* Pods_NationalParks.framework in Frameworks */ = {isa = PBXBuildFile; fileRef = 55BE5BAE123D3FCB3768ECEB /* Pods_NationalParks.framework */; };
		2664B8CA255DABDB00286FCE /* AppDelegate.swift in Sources */ = {isa = PBXBuildFile; fileRef = 2664B8C9255DABDB00286FCE /* AppDelegate.swift */; };
		2664B8CC255DABDB00286FCE /* SceneDelegate.swift in Sources */ = {isa = PBXBuildFile; fileRef = 2664B8CB255DABDB00286FCE /* SceneDelegate.swift */; };
		2664B8CE255DABDB00286FCE /* ViewController.swift in Sources */ = {isa = PBXBuildFile; fileRef = 2664B8CD255DABDB00286FCE /* ViewController.swift */; };
		2664B8D1255DABDB00286FCE /* Main.storyboard in Resources */ = {isa = PBXBuildFile; fileRef = 2664B8CF255DABDB00286FCE /* Main.storyboard */; };
		2664B8D3255DABDC00286FCE /* Assets.xcassets in Resources */ = {isa = PBXBuildFile; fileRef = 2664B8D2255DABDC00286FCE /* Assets.xcassets */; };
		2664B8D6255DABDC00286FCE /* LaunchScreen.storyboard in Resources */ = {isa = PBXBuildFile; fileRef = 2664B8D4255DABDC00286FCE /* LaunchScreen.storyboard */; };
		2664B8E1255DABDD00286FCE /* NationalParksTests.swift in Sources */ = {isa = PBXBuildFile; fileRef = 2664B8E0255DABDD00286FCE /* NationalParksTests.swift */; };
		2664B8EC255DABDD00286FCE /* NationalParksUITests.swift in Sources */ = {isa = PBXBuildFile; fileRef = 2664B8EB255DABDD00286FCE /* NationalParksUITests.swift */; };
		2664B8FD255DAD5F00286FCE /* ACVC.swift in Sources */ = {isa = PBXBuildFile; fileRef = 2664B8FC255DAD5F00286FCE /* ACVC.swift */; };
		2664B902255DADA900286FCE /* Contact.swift in Sources */ = {isa = PBXBuildFile; fileRef = 2664B901255DADA900286FCE /* Contact.swift */; };
		268C33A2255DEED300191D9D /* MyCell.swift in Sources */ = {isa = PBXBuildFile; fileRef = 268C33A1255DEED300191D9D /* MyCell.swift */; };
		268C33AF255DFC2E00191D9D /* DVC.swift in Sources */ = {isa = PBXBuildFile; fileRef = 268C33AE255DFC2E00191D9D /* DVC.swift */; };
		26B1B8062562EA7E00CBF9DB /* GoogleService-Info (1).plist in Resources */ = {isa = PBXBuildFile; fileRef = 26B1B8052562EA7E00CBF9DB /* GoogleService-Info (1).plist */; };
		26C19416255F51FD00E592AF /* GoogleService-Info.plist in Resources */ = {isa = PBXBuildFile; fileRef = 26C19415255F51FD00E592AF /* GoogleService-Info.plist */; };
		26C19417255F51FD00E592AF /* GoogleService-Info.plist in Resources */ = {isa = PBXBuildFile; fileRef = 26C19415255F51FD00E592AF /* GoogleService-Info.plist */; };
		26C19418255F51FD00E592AF /* GoogleService-Info.plist in Resources */ = {isa = PBXBuildFile; fileRef = 26C19415255F51FD00E592AF /* GoogleService-Info.plist */; };
		87747459AAC5539559D55A38 /* Pods_NationalParks_NationalParksUITests.framework in Frameworks */ = {isa = PBXBuildFile; fileRef = 8BB92CF805E4416523D25BC4 /* Pods_NationalParks_NationalParksUITests.framework */; };
		B75FD497FE6F9F3FA4779AA1 /* Pods_NationalParksTests.framework in Frameworks */ = {isa = PBXBuildFile; fileRef = 2C83CC17099A13CE71243042 /* Pods_NationalParksTests.framework */; };
/* End PBXBuildFile section */

/* Begin PBXContainerItemProxy section */
		2664B8DD255DABDD00286FCE /* PBXContainerItemProxy */ = {
			isa = PBXContainerItemProxy;
			containerPortal = 2664B8BE255DABDA00286FCE /* Project object */;
			proxyType = 1;
			remoteGlobalIDString = 2664B8C5255DABDB00286FCE;
			remoteInfo = NationalParks;
		};
		2664B8E8255DABDD00286FCE /* PBXContainerItemProxy */ = {
			isa = PBXContainerItemProxy;
			containerPortal = 2664B8BE255DABDA00286FCE /* Project object */;
			proxyType = 1;
			remoteGlobalIDString = 2664B8C5255DABDB00286FCE;
			remoteInfo = NationalParks;
		};
/* End PBXContainerItemProxy section */

/* Begin PBXFileReference section */
		2664B8C6255DABDB00286FCE /* NationalParks.app */ = {isa = PBXFileReference; explicitFileType = wrapper.application; includeInIndex = 0; path = NationalParks.app; sourceTree = BUILT_PRODUCTS_DIR; };
		2664B8C9255DABDB00286FCE /* AppDelegate.swift */ = {isa = PBXFileReference; lastKnownFileType = sourcecode.swift; path = AppDelegate.swift; sourceTree = "<group>"; };
		2664B8CB255DABDB00286FCE /* SceneDelegate.swift */ = {isa = PBXFileReference; lastKnownFileType = sourcecode.swift; path = SceneDelegate.swift; sourceTree = "<group>"; };
		2664B8CD255DABDB00286FCE /* ViewController.swift */ = {isa = PBXFileReference; lastKnownFileType = sourcecode.swift; path = ViewController.swift; sourceTree = "<group>"; };
		2664B8D0255DABDB00286FCE /* Base */ = {isa = PBXFileReference; lastKnownFileType = file.storyboard; name = Base; path = Base.lproj/Main.storyboard; sourceTree = "<group>"; };
		2664B8D2255DABDC00286FCE /* Assets.xcassets */ = {isa = PBXFileReference; lastKnownFileType = folder.assetcatalog; path = Assets.xcassets; sourceTree = "<group>"; };
		2664B8D5255DABDC00286FCE /* Base */ = {isa = PBXFileReference; lastKnownFileType = file.storyboard; name = Base; path = Base.lproj/LaunchScreen.storyboard; sourceTree = "<group>"; };
		2664B8D7255DABDC00286FCE /* Info.plist */ = {isa = PBXFileReference; lastKnownFileType = text.plist.xml; path = Info.plist; sourceTree = "<group>"; };
		2664B8DC255DABDD00286FCE /* NationalParksTests.xctest */ = {isa = PBXFileReference; explicitFileType = wrapper.cfbundle; includeInIndex = 0; path = NationalParksTests.xctest; sourceTree = BUILT_PRODUCTS_DIR; };
		2664B8E0255DABDD00286FCE /* NationalParksTests.swift */ = {isa = PBXFileReference; lastKnownFileType = sourcecode.swift; path = NationalParksTests.swift; sourceTree = "<group>"; };
		2664B8E2255DABDD00286FCE /* Info.plist */ = {isa = PBXFileReference; lastKnownFileType = text.plist.xml; path = Info.plist; sourceTree = "<group>"; };
		2664B8E7255DABDD00286FCE /* NationalParksUITests.xctest */ = {isa = PBXFileReference; explicitFileType = wrapper.cfbundle; includeInIndex = 0; path = NationalParksUITests.xctest; sourceTree = BUILT_PRODUCTS_DIR; };
		2664B8EB255DABDD00286FCE /* NationalParksUITests.swift */ = {isa = PBXFileReference; lastKnownFileType = sourcecode.swift; path = NationalParksUITests.swift; sourceTree = "<group>"; };
		2664B8ED255DABDD00286FCE /* Info.plist */ = {isa = PBXFileReference; lastKnownFileType = text.plist.xml; path = Info.plist; sourceTree = "<group>"; };
		2664B8FC255DAD5F00286FCE /* ACVC.swift */ = {isa = PBXFileReference; lastKnownFileType = sourcecode.swift; path = ACVC.swift; sourceTree = "<group>"; };
		2664B901255DADA900286FCE /* Contact.swift */ = {isa = PBXFileReference; lastKnownFileType = sourcecode.swift; path = Contact.swift; sourceTree = "<group>"; };
		268C33A1255DEED300191D9D /* MyCell.swift */ = {isa = PBXFileReference; lastKnownFileType = sourcecode.swift; path = MyCell.swift; sourceTree = "<group>"; };
		268C33AE255DFC2E00191D9D /* DVC.swift */ = {isa = PBXFileReference; lastKnownFileType = sourcecode.swift; path = DVC.swift; sourceTree = "<group>"; };
		26B1B8052562EA7E00CBF9DB /* GoogleService-Info (1).plist */ = {isa = PBXFileReference; fileEncoding = 4; lastKnownFileType = text.plist.xml; name = "GoogleService-Info (1).plist"; path = "../../../../../../Downloads/GoogleService-Info (1).plist"; sourceTree = "<group>"; };
		26C19415255F51FD00E592AF /* GoogleService-Info.plist */ = {isa = PBXFileReference; fileEncoding = 4; lastKnownFileType = text.plist.xml; name = "GoogleService-Info.plist"; path = "../../../../../../Downloads/GoogleService-Info.plist"; sourceTree = "<group>"; };
		2C83CC17099A13CE71243042 /* Pods_NationalParksTests.framework */ = {isa = PBXFileReference; explicitFileType = wrapper.framework; includeInIndex = 0; path = Pods_NationalParksTests.framework; sourceTree = BUILT_PRODUCTS_DIR; };
		4766117BBEF062AF461B1A44 /* Pods-NationalParks.release.xcconfig */ = {isa = PBXFileReference; includeInIndex = 1; lastKnownFileType = text.xcconfig; name = "Pods-NationalParks.release.xcconfig"; path = "Target Support Files/Pods-NationalParks/Pods-NationalParks.release.xcconfig"; sourceTree = "<group>"; };
		55BE5BAE123D3FCB3768ECEB /* Pods_NationalParks.framework */ = {isa = PBXFileReference; explicitFileType = wrapper.framework; includeInIndex = 0; path = Pods_NationalParks.framework; sourceTree = BUILT_PRODUCTS_DIR; };
		8BB92CF805E4416523D25BC4 /* Pods_NationalParks_NationalParksUITests.framework */ = {isa = PBXFileReference; explicitFileType = wrapper.framework; includeInIndex = 0; path = Pods_NationalParks_NationalParksUITests.framework; sourceTree = BUILT_PRODUCTS_DIR; };
		9C27932598015CDFEC2C0F3F /* Pods-NationalParks.debug.xcconfig */ = {isa = PBXFileReference; includeInIndex = 1; lastKnownFileType = text.xcconfig; name = "Pods-NationalParks.debug.xcconfig"; path = "Target Support Files/Pods-NationalParks/Pods-NationalParks.debug.xcconfig"; sourceTree = "<group>"; };
		B584CD3E11929643351D5A94 /* Pods-NationalParks-NationalParksUITests.debug.xcconfig */ = {isa = PBXFileReference; includeInIndex = 1; lastKnownFileType = text.xcconfig; name = "Pods-NationalParks-NationalParksUITests.debug.xcconfig"; path = "Target Support Files/Pods-NationalParks-NationalParksUITests/Pods-NationalParks-NationalParksUITests.debug.xcconfig"; sourceTree = "<group>"; };
		D4C38047598FB2F6D484CD17 /* Pods-NationalParksTests.release.xcconfig */ = {isa = PBXFileReference; includeInIndex = 1; lastKnownFileType = text.xcconfig; name = "Pods-NationalParksTests.release.xcconfig"; path = "Target Support Files/Pods-NationalParksTests/Pods-NationalParksTests.release.xcconfig"; sourceTree = "<group>"; };
		E841918F7A66712DA8C07F76 /* Pods-NationalParksTests.debug.xcconfig */ = {isa = PBXFileReference; includeInIndex = 1; lastKnownFileType = text.xcconfig; name = "Pods-NationalParksTests.debug.xcconfig"; path = "Target Support Files/Pods-NationalParksTests/Pods-NationalParksTests.debug.xcconfig"; sourceTree = "<group>"; };
		EE64FA4ABE64041A47341F16 /* Pods-NationalParks-NationalParksUITests.release.xcconfig */ = {isa = PBXFileReference; includeInIndex = 1; lastKnownFileType = text.xcconfig; name = "Pods-NationalParks-NationalParksUITests.release.xcconfig"; path = "Target Support Files/Pods-NationalParks-NationalParksUITests/Pods-NationalParks-NationalParksUITests.release.xcconfig"; sourceTree = "<group>"; };
/* End PBXFileReference section */

/* Begin PBXFrameworksBuildPhase section */
		2664B8C3255DABDB00286FCE /* Frameworks */ = {
			isa = PBXFrameworksBuildPhase;
			buildActionMask = 2147483647;
			files = (
				18BEB06554EA7CCA41CFF22B /* Pods_NationalParks.framework in Frameworks */,
			);
			runOnlyForDeploymentPostprocessing = 0;
		};
		2664B8D9255DABDD00286FCE /* Frameworks */ = {
			isa = PBXFrameworksBuildPhase;
			buildActionMask = 2147483647;
			files = (
				B75FD497FE6F9F3FA4779AA1 /* Pods_NationalParksTests.framework in Frameworks */,
			);
			runOnlyForDeploymentPostprocessing = 0;
		};
		2664B8E4255DABDD00286FCE /* Frameworks */ = {
			isa = PBXFrameworksBuildPhase;
			buildActionMask = 2147483647;
			files = (
				87747459AAC5539559D55A38 /* Pods_NationalParks_NationalParksUITests.framework in Frameworks */,
			);
			runOnlyForDeploymentPostprocessing = 0;
		};
/* End PBXFrameworksBuildPhase section */

/* Begin PBXGroup section */
		2664B8BD255DABDA00286FCE = {
			isa = PBXGroup;
			children = (
				2664B8C8255DABDB00286FCE /* NationalParks */,
				2664B8DF255DABDD00286FCE /* NationalParksTests */,
				2664B8EA255DABDD00286FCE /* NationalParksUITests */,
				2664B8C7255DABDB00286FCE /* Products */,
				3B124EA7A6CF52E14B798AC5 /* Pods */,
				E0DB50A4789BBD739484D222 /* Frameworks */,
			);
			sourceTree = "<group>";
		};
		2664B8C7255DABDB00286FCE /* Products */ = {
			isa = PBXGroup;
			children = (
				2664B8C6255DABDB00286FCE /* NationalParks.app */,
				2664B8DC255DABDD00286FCE /* NationalParksTests.xctest */,
				2664B8E7255DABDD00286FCE /* NationalParksUITests.xctest */,
			);
			name = Products;
			sourceTree = "<group>";
		};
		2664B8C8255DABDB00286FCE /* NationalParks */ = {
			isa = PBXGroup;
			children = (
				2664B8C9255DABDB00286FCE /* AppDelegate.swift */,
				2664B8CB255DABDB00286FCE /* SceneDelegate.swift */,
				2664B8CD255DABDB00286FCE /* ViewController.swift */,
				268C33A1255DEED300191D9D /* MyCell.swift */,
				2664B8FC255DAD5F00286FCE /* ACVC.swift */,
				268C33AE255DFC2E00191D9D /* DVC.swift */,
				2664B901255DADA900286FCE /* Contact.swift */,
				2664B8CF255DABDB00286FCE /* Main.storyboard */,
				2664B8D2255DABDC00286FCE /* Assets.xcassets */,
				2664B8D4255DABDC00286FCE /* LaunchScreen.storyboard */,
				2664B8D7255DABDC00286FCE /* Info.plist */,
				26C19415255F51FD00E592AF /* GoogleService-Info.plist */,
				26B1B8052562EA7E00CBF9DB /* GoogleService-Info (1).plist */,
			);
			path = NationalParks;
			sourceTree = "<group>";
		};
		2664B8DF255DABDD00286FCE /* NationalParksTests */ = {
			isa = PBXGroup;
			children = (
				2664B8E0255DABDD00286FCE /* NationalParksTests.swift */,
				2664B8E2255DABDD00286FCE /* Info.plist */,
			);
			path = NationalParksTests;
			sourceTree = "<group>";
		};
		2664B8EA255DABDD00286FCE /* NationalParksUITests */ = {
			isa = PBXGroup;
			children = (
				2664B8EB255DABDD00286FCE /* NationalParksUITests.swift */,
				2664B8ED255DABDD00286FCE /* Info.plist */,
			);
			path = NationalParksUITests;
			sourceTree = "<group>";
		};
		3B124EA7A6CF52E14B798AC5 /* Pods */ = {
			isa = PBXGroup;
			children = (
				9C27932598015CDFEC2C0F3F /* Pods-NationalParks.debug.xcconfig */,
				4766117BBEF062AF461B1A44 /* Pods-NationalParks.release.xcconfig */,
				B584CD3E11929643351D5A94 /* Pods-NationalParks-NationalParksUITests.debug.xcconfig */,
				EE64FA4ABE64041A47341F16 /* Pods-NationalParks-NationalParksUITests.release.xcconfig */,
				E841918F7A66712DA8C07F76 /* Pods-NationalParksTests.debug.xcconfig */,
				D4C38047598FB2F6D484CD17 /* Pods-NationalParksTests.release.xcconfig */,
			);
			path = Pods;
			sourceTree = "<group>";
		};
		E0DB50A4789BBD739484D222 /* Frameworks */ = {
			isa = PBXGroup;
			children = (
				55BE5BAE123D3FCB3768ECEB /* Pods_NationalParks.framework */,
				8BB92CF805E4416523D25BC4 /* Pods_NationalParks_NationalParksUITests.framework */,
				2C83CC17099A13CE71243042 /* Pods_NationalParksTests.framework */,
			);
			name = Frameworks;
			sourceTree = "<group>";
		};
/* End PBXGroup section */

/* Begin PBXNativeTarget section */
		2664B8C5255DABDB00286FCE /* NationalParks */ = {
			isa = PBXNativeTarget;
			buildConfigurationList = 2664B8F0255DABDD00286FCE /* Build configuration list for PBXNativeTarget "NationalParks" */;
			buildPhases = (
				AC49F0C3FDC350BF758C0860 /* [CP] Check Pods Manifest.lock */,
				2664B8C2255DABDB00286FCE /* Sources */,
				2664B8C3255DABDB00286FCE /* Frameworks */,
				2664B8C4255DABDB00286FCE /* Resources */,
				775FDF307305515F1C30E6BE /* [CP] Embed Pods Frameworks */,
			);
			buildRules = (
			);
			dependencies = (
			);
			name = NationalParks;
			productName = NationalParks;
			productReference = 2664B8C6255DABDB00286FCE /* NationalParks.app */;
			productType = "com.apple.product-type.application";
		};
		2664B8DB255DABDD00286FCE /* NationalParksTests */ = {
			isa = PBXNativeTarget;
			buildConfigurationList = 2664B8F3255DABDD00286FCE /* Build configuration list for PBXNativeTarget "NationalParksTests" */;
			buildPhases = (
				3FF249564F03E1452D301414 /* [CP] Check Pods Manifest.lock */,
				2664B8D8255DABDD00286FCE /* Sources */,
				2664B8D9255DABDD00286FCE /* Frameworks */,
				2664B8DA255DABDD00286FCE /* Resources */,
			);
			buildRules = (
			);
			dependencies = (
				2664B8DE255DABDD00286FCE /* PBXTargetDependency */,
			);
			name = NationalParksTests;
			productName = NationalParksTests;
			productReference = 2664B8DC255DABDD00286FCE /* NationalParksTests.xctest */;
			productType = "com.apple.product-type.bundle.unit-test";
		};
		2664B8E6255DABDD00286FCE /* NationalParksUITests */ = {
			isa = PBXNativeTarget;
			buildConfigurationList = 2664B8F6255DABDD00286FCE /* Build configuration list for PBXNativeTarget "NationalParksUITests" */;
			buildPhases = (
				ECFB5AAD16725DD0186BE382 /* [CP] Check Pods Manifest.lock */,
				2664B8E3255DABDD00286FCE /* Sources */,
				2664B8E4255DABDD00286FCE /* Frameworks */,
				2664B8E5255DABDD00286FCE /* Resources */,
				71C8AE98678B3028990C8E6C /* [CP] Embed Pods Frameworks */,
			);
			buildRules = (
			);
			dependencies = (
				2664B8E9255DABDD00286FCE /* PBXTargetDependency */,
			);
			name = NationalParksUITests;
			productName = NationalParksUITests;
			productReference = 2664B8E7255DABDD00286FCE /* NationalParksUITests.xctest */;
			productType = "com.apple.product-type.bundle.ui-testing";
		};
/* End PBXNativeTarget section */

/* Begin PBXProject section */
		2664B8BE255DABDA00286FCE /* Project object */ = {
			isa = PBXProject;
			attributes = {
				LastSwiftUpdateCheck = 1210;
				LastUpgradeCheck = 1210;
				TargetAttributes = {
					2664B8C5255DABDB00286FCE = {
						CreatedOnToolsVersion = 12.1;
					};
					2664B8DB255DABDD00286FCE = {
						CreatedOnToolsVersion = 12.1;
						TestTargetID = 2664B8C5255DABDB00286FCE;
					};
					2664B8E6255DABDD00286FCE = {
						CreatedOnToolsVersion = 12.1;
						TestTargetID = 2664B8C5255DABDB00286FCE;
					};
				};
			};
			buildConfigurationList = 2664B8C1255DABDA00286FCE /* Build configuration list for PBXProject "NationalParks" */;
			compatibilityVersion = "Xcode 9.3";
			developmentRegion = en;
			hasScannedForEncodings = 0;
			knownRegions = (
				en,
				Base,
			);
			mainGroup = 2664B8BD255DABDA00286FCE;
			productRefGroup = 2664B8C7255DABDB00286FCE /* Products */;
			projectDirPath = "";
			projectRoot = "";
			targets = (
				2664B8C5255DABDB00286FCE /* NationalParks */,
				2664B8DB255DABDD00286FCE /* NationalParksTests */,
				2664B8E6255DABDD00286FCE /* NationalParksUITests */,
			);
		};
/* End PBXProject section */

/* Begin PBXResourcesBuildPhase section */
		2664B8C4255DABDB00286FCE /* Resources */ = {
			isa = PBXResourcesBuildPhase;
			buildActionMask = 2147483647;
			files = (
				2664B8D6255DABDC00286FCE /* LaunchScreen.storyboard in Resources */,
				26C19416255F51FD00E592AF /* GoogleService-Info.plist in Resources */,
				26B1B8062562EA7E00CBF9DB /* GoogleService-Info (1).plist in Resources */,
				2664B8D3255DABDC00286FCE /* Assets.xcassets in Resources */,
				2664B8D1255DABDB00286FCE /* Main.storyboard in Resources */,
			);
			runOnlyForDeploymentPostprocessing = 0;
		};
		2664B8DA255DABDD00286FCE /* Resources */ = {
			isa = PBXResourcesBuildPhase;
			buildActionMask = 2147483647;
			files = (
				26C19417255F51FD00E592AF /* GoogleService-Info.plist in Resources */,
			);
			runOnlyForDeploymentPostprocessing = 0;
		};
		2664B8E5255DABDD00286FCE /* Resources */ = {
			isa = PBXResourcesBuildPhase;
			buildActionMask = 2147483647;
			files = (
				26C19418255F51FD00E592AF /* GoogleService-Info.plist in Resources */,
			);
			runOnlyForDeploymentPostprocessing = 0;
		};
/* End PBXResourcesBuildPhase section */

/* Begin PBXShellScriptBuildPhase section */
		3FF249564F03E1452D301414 /* [CP] Check Pods Manifest.lock */ = {
			isa = PBXShellScriptBuildPhase;
			buildActionMask = 2147483647;
			files = (
			);
			inputFileListPaths = (
			);
			inputPaths = (
				"${PODS_PODFILE_DIR_PATH}/Podfile.lock",
				"${PODS_ROOT}/Manifest.lock",
			);
			name = "[CP] Check Pods Manifest.lock";
			outputFileListPaths = (
			);
			outputPaths = (
				"$(DERIVED_FILE_DIR)/Pods-NationalParksTests-checkManifestLockResult.txt",
			);
			runOnlyForDeploymentPostprocessing = 0;
			shellPath = /bin/sh;
			shellScript = "diff \"${PODS_PODFILE_DIR_PATH}/Podfile.lock\" \"${PODS_ROOT}/Manifest.lock\" > /dev/null\nif [ $? != 0 ] ; then\n    # print error to STDERR\n    echo \"error: The sandbox is not in sync with the Podfile.lock. Run 'pod install' or update your CocoaPods installation.\" >&2\n    exit 1\nfi\n# This output is used by Xcode 'outputs' to avoid re-running this script phase.\necho \"SUCCESS\" > \"${SCRIPT_OUTPUT_FILE_0}\"\n";
			showEnvVarsInLog = 0;
		};
		71C8AE98678B3028990C8E6C /* [CP] Embed Pods Frameworks */ = {
			isa = PBXShellScriptBuildPhase;
			buildActionMask = 2147483647;
			files = (
			);
			inputFileListPaths = (
				"${PODS_ROOT}/Target Support Files/Pods-NationalParks-NationalParksUITests/Pods-NationalParks-NationalParksUITests-frameworks-${CONFIGURATION}-input-files.xcfilelist",
			);
			name = "[CP] Embed Pods Frameworks";
			outputFileListPaths = (
				"${PODS_ROOT}/Target Support Files/Pods-NationalParks-NationalParksUITests/Pods-NationalParks-NationalParksUITests-frameworks-${CONFIGURATION}-output-files.xcfilelist",
			);
			runOnlyForDeploymentPostprocessing = 0;
			shellPath = /bin/sh;
			shellScript = "\"${PODS_ROOT}/Target Support Files/Pods-NationalParks-NationalParksUITests/Pods-NationalParks-NationalParksUITests-frameworks.sh\"\n";
			showEnvVarsInLog = 0;
		};
		775FDF307305515F1C30E6BE /* [CP] Embed Pods Frameworks */ = {
			isa = PBXShellScriptBuildPhase;
			buildActionMask = 2147483647;
			files = (
			);
			inputFileListPaths = (
				"${PODS_ROOT}/Target Support Files/Pods-NationalParks/Pods-NationalParks-frameworks-${CONFIGURATION}-input-files.xcfilelist",
			);
			name = "[CP] Embed Pods Frameworks";
			outputFileListPaths = (
				"${PODS_ROOT}/Target Support Files/Pods-NationalParks/Pods-NationalParks-frameworks-${CONFIGURATION}-output-files.xcfilelist",
			);
			runOnlyForDeploymentPostprocessing = 0;
			shellPath = /bin/sh;
			shellScript = "\"${PODS_ROOT}/Target Support Files/Pods-NationalParks/Pods-NationalParks-frameworks.sh\"\n";
			showEnvVarsInLog = 0;
		};
		AC49F0C3FDC350BF758C0860 /* [CP] Check Pods Manifest.lock */ = {
			isa = PBXShellScriptBuildPhase;
			buildActionMask = 2147483647;
			files = (
			);
			inputFileListPaths = (
			);
			inputPaths = (
				"${PODS_PODFILE_DIR_PATH}/Podfile.lock",
				"${PODS_ROOT}/Manifest.lock",
			);
			name = "[CP] Check Pods Manifest.lock";
			outputFileListPaths = (
			);
			outputPaths = (
				"$(DERIVED_FILE_DIR)/Pods-NationalParks-checkManifestLockResult.txt",
			);
			runOnlyForDeploymentPostprocessing = 0;
			shellPath = /bin/sh;
			shellScript = "diff \"${PODS_PODFILE_DIR_PATH}/Podfile.lock\" \"${PODS_ROOT}/Manifest.lock\" > /dev/null\nif [ $? != 0 ] ; then\n    # print error to STDERR\n    echo \"error: The sandbox is not in sync with the Podfile.lock. Run 'pod install' or update your CocoaPods installation.\" >&2\n    exit 1\nfi\n# This output is used by Xcode 'outputs' to avoid re-running this script phase.\necho \"SUCCESS\" > \"${SCRIPT_OUTPUT_FILE_0}\"\n";
			showEnvVarsInLog = 0;
		};
		ECFB5AAD16725DD0186BE382 /* [CP] Check Pods Manifest.lock */ = {
			isa = PBXShellScriptBuildPhase;
			buildActionMask = 2147483647;
			files = (
			);
			inputFileListPaths = (
			);
			inputPaths = (
				"${PODS_PODFILE_DIR_PATH}/Podfile.lock",
				"${PODS_ROOT}/Manifest.lock",
			);
			name = "[CP] Check Pods Manifest.lock";
			outputFileListPaths = (
			);
			outputPaths = (
				"$(DERIVED_FILE_DIR)/Pods-NationalParks-NationalParksUITests-checkManifestLockResult.txt",
			);
			runOnlyForDeploymentPostprocessing = 0;
			shellPath = /bin/sh;
			shellScript = "diff \"${PODS_PODFILE_DIR_PATH}/Podfile.lock\" \"${PODS_ROOT}/Manifest.lock\" > /dev/null\nif [ $? != 0 ] ; then\n    # print error to STDERR\n    echo \"error: The sandbox is not in sync with the Podfile.lock. Run 'pod install' or update your CocoaPods installation.\" >&2\n    exit 1\nfi\n# This output is used by Xcode 'outputs' to avoid re-running this script phase.\necho \"SUCCESS\" > \"${SCRIPT_OUTPUT_FILE_0}\"\n";
			showEnvVarsInLog = 0;
		};
/* End PBXShellScriptBuildPhase section */

/* Begin PBXSourcesBuildPhase section */
		2664B8C2255DABDB00286FCE /* Sources */ = {
			isa = PBXSourcesBuildPhase;
			buildActionMask = 2147483647;
			files = (
				2664B8CE255DABDB00286FCE /* ViewController.swift in Sources */,
				2664B8CA255DABDB00286FCE /* AppDelegate.swift in Sources */,
				2664B902255DADA900286FCE /* Contact.swift in Sources */,
				268C33AF255DFC2E00191D9D /* DVC.swift in Sources */,
				268C33A2255DEED300191D9D /* MyCell.swift in Sources */,
				2664B8FD255DAD5F00286FCE /* ACVC.swift in Sources */,
				2664B8CC255DABDB00286FCE /* SceneDelegate.swift in Sources */,
			);
			runOnlyForDeploymentPostprocessing = 0;
		};
		2664B8D8255DABDD00286FCE /* Sources */ = {
			isa = PBXSourcesBuildPhase;
			buildActionMask = 2147483647;
			files = (
				2664B8E1255DABDD00286FCE /* NationalParksTests.swift in Sources */,
			);
			runOnlyForDeploymentPostprocessing = 0;
		};
		2664B8E3255DABDD00286FCE /* Sources */ = {
			isa = PBXSourcesBuildPhase;
			buildActionMask = 2147483647;
			files = (
				2664B8EC255DABDD00286FCE /* NationalParksUITests.swift in Sources */,
			);
			runOnlyForDeploymentPostprocessing = 0;
		};
/* End PBXSourcesBuildPhase section */

/* Begin PBXTargetDependency section */
		2664B8DE255DABDD00286FCE /* PBXTargetDependency */ = {
			isa = PBXTargetDependency;
			target = 2664B8C5255DABDB00286FCE /* NationalParks */;
			targetProxy = 2664B8DD255DABDD00286FCE /* PBXContainerItemProxy */;
		};
		2664B8E9255DABDD00286FCE /* PBXTargetDependency */ = {
			isa = PBXTargetDependency;
			target = 2664B8C5255DABDB00286FCE /* NationalParks */;
			targetProxy = 2664B8E8255DABDD00286FCE /* PBXContainerItemProxy */;
		};
/* End PBXTargetDependency section */

/* Begin PBXVariantGroup section */
		2664B8CF255DABDB00286FCE /* Main.storyboard */ = {
			isa = PBXVariantGroup;
			children = (
				2664B8D0255DABDB00286FCE /* Base */,
			);
			name = Main.storyboard;
			sourceTree = "<group>";
		};
		2664B8D4255DABDC00286FCE /* LaunchScreen.storyboard */ = {
			isa = PBXVariantGroup;
			children = (
				2664B8D5255DABDC00286FCE /* Base */,
			);
			name = LaunchScreen.storyboard;
			sourceTree = "<group>";
		};
/* End PBXVariantGroup section */

/* Begin XCBuildConfiguration section */
		2664B8EE255DABDD00286FCE /* Debug */ = {
			isa = XCBuildConfiguration;
			buildSettings = {
				ALWAYS_SEARCH_USER_PATHS = NO;
				CLANG_ANALYZER_NONNULL = YES;
				CLANG_ANALYZER_NUMBER_OBJECT_CONVERSION = YES_AGGRESSIVE;
				CLANG_CXX_LANGUAGE_STANDARD = "gnu++14";
				CLANG_CXX_LIBRARY = "libc++";
				CLANG_ENABLE_MODULES = YES;
				CLANG_ENABLE_OBJC_ARC = YES;
				CLANG_ENABLE_OBJC_WEAK = YES;
				CLANG_WARN_BLOCK_CAPTURE_AUTORELEASING = YES;
				CLANG_WARN_BOOL_CONVERSION = YES;
				CLANG_WARN_COMMA = YES;
				CLANG_WARN_CONSTANT_CONVERSION = YES;
				CLANG_WARN_DEPRECATED_OBJC_IMPLEMENTATIONS = YES;
				CLANG_WARN_DIRECT_OBJC_ISA_USAGE = YES_ERROR;
				CLANG_WARN_DOCUMENTATION_COMMENTS = YES;
				CLANG_WARN_EMPTY_BODY = YES;
				CLANG_WARN_ENUM_CONVERSION = YES;
				CLANG_WARN_INFINITE_RECURSION = YES;
				CLANG_WARN_INT_CONVERSION = YES;
				CLANG_WARN_NON_LITERAL_NULL_CONVERSION = YES;
				CLANG_WARN_OBJC_IMPLICIT_RETAIN_SELF = YES;
				CLANG_WARN_OBJC_LITERAL_CONVERSION = YES;
				CLANG_WARN_OBJC_ROOT_CLASS = YES_ERROR;
				CLANG_WARN_QUOTED_INCLUDE_IN_FRAMEWORK_HEADER = YES;
				CLANG_WARN_RANGE_LOOP_ANALYSIS = YES;
				CLANG_WARN_STRICT_PROTOTYPES = YES;
				CLANG_WARN_SUSPICIOUS_MOVE = YES;
				CLANG_WARN_UNGUARDED_AVAILABILITY = YES_AGGRESSIVE;
				CLANG_WARN_UNREACHABLE_CODE = YES;
				CLANG_WARN__DUPLICATE_METHOD_MATCH = YES;
				COPY_PHASE_STRIP = NO;
				DEBUG_INFORMATION_FORMAT = dwarf;
				ENABLE_STRICT_OBJC_MSGSEND = YES;
				ENABLE_TESTABILITY = YES;
				GCC_C_LANGUAGE_STANDARD = gnu11;
				GCC_DYNAMIC_NO_PIC = NO;
				GCC_NO_COMMON_BLOCKS = YES;
				GCC_OPTIMIZATION_LEVEL = 0;
				GCC_PREPROCESSOR_DEFINITIONS = (
					"DEBUG=1",
					"$(inherited)",
				);
				GCC_WARN_64_TO_32_BIT_CONVERSION = YES;
				GCC_WARN_ABOUT_RETURN_TYPE = YES_ERROR;
				GCC_WARN_UNDECLARED_SELECTOR = YES;
				GCC_WARN_UNINITIALIZED_AUTOS = YES_AGGRESSIVE;
				GCC_WARN_UNUSED_FUNCTION = YES;
				GCC_WARN_UNUSED_VARIABLE = YES;
				IPHONEOS_DEPLOYMENT_TARGET = 14.1;
				MTL_ENABLE_DEBUG_INFO = INCLUDE_SOURCE;
				MTL_FAST_MATH = YES;
				ONLY_ACTIVE_ARCH = YES;
				SDKROOT = iphoneos;
				SWIFT_ACTIVE_COMPILATION_CONDITIONS = DEBUG;
				SWIFT_OPTIMIZATION_LEVEL = "-Onone";
			};
			name = Debug;
		};
		2664B8EF255DABDD00286FCE /* Release */ = {
			isa = XCBuildConfiguration;
			buildSettings = {
				ALWAYS_SEARCH_USER_PATHS = NO;
				CLANG_ANALYZER_NONNULL = YES;
				CLANG_ANALYZER_NUMBER_OBJECT_CONVERSION = YES_AGGRESSIVE;
				CLANG_CXX_LANGUAGE_STANDARD = "gnu++14";
				CLANG_CXX_LIBRARY = "libc++";
				CLANG_ENABLE_MODULES = YES;
				CLANG_ENABLE_OBJC_ARC = YES;
				CLANG_ENABLE_OBJC_WEAK = YES;
				CLANG_WARN_BLOCK_CAPTURE_AUTORELEASING = YES;
				CLANG_WARN_BOOL_CONVERSION = YES;
				CLANG_WARN_COMMA = YES;
				CLANG_WARN_CONSTANT_CONVERSION = YES;
				CLANG_WARN_DEPRECATED_OBJC_IMPLEMENTATIONS = YES;
				CLANG_WARN_DIRECT_OBJC_ISA_USAGE = YES_ERROR;
				CLANG_WARN_DOCUMENTATION_COMMENTS = YES;
				CLANG_WARN_EMPTY_BODY = YES;
				CLANG_WARN_ENUM_CONVERSION = YES;
				CLANG_WARN_INFINITE_RECURSION = YES;
				CLANG_WARN_INT_CONVERSION = YES;
				CLANG_WARN_NON_LITERAL_NULL_CONVERSION = YES;
				CLANG_WARN_OBJC_IMPLICIT_RETAIN_SELF = YES;
				CLANG_WARN_OBJC_LITERAL_CONVERSION = YES;
				CLANG_WARN_OBJC_ROOT_CLASS = YES_ERROR;
				CLANG_WARN_QUOTED_INCLUDE_IN_FRAMEWORK_HEADER = YES;
				CLANG_WARN_RANGE_LOOP_ANALYSIS = YES;
				CLANG_WARN_STRICT_PROTOTYPES = YES;
				CLANG_WARN_SUSPICIOUS_MOVE = YES;
				CLANG_WARN_UNGUARDED_AVAILABILITY = YES_AGGRESSIVE;
				CLANG_WARN_UNREACHABLE_CODE = YES;
				CLANG_WARN__DUPLICATE_METHOD_MATCH = YES;
				COPY_PHASE_STRIP = NO;
				DEBUG_INFORMATION_FORMAT = "dwarf-with-dsym";
				ENABLE_NS_ASSERTIONS = NO;
				ENABLE_STRICT_OBJC_MSGSEND = YES;
				GCC_C_LANGUAGE_STANDARD = gnu11;
				GCC_NO_COMMON_BLOCKS = YES;
				GCC_WARN_64_TO_32_BIT_CONVERSION = YES;
				GCC_WARN_ABOUT_RETURN_TYPE = YES_ERROR;
				GCC_WARN_UNDECLARED_SELECTOR = YES;
				GCC_WARN_UNINITIALIZED_AUTOS = YES_AGGRESSIVE;
				GCC_WARN_UNUSED_FUNCTION = YES;
				GCC_WARN_UNUSED_VARIABLE = YES;
				IPHONEOS_DEPLOYMENT_TARGET = 14.1;
				MTL_ENABLE_DEBUG_INFO = NO;
				MTL_FAST_MATH = YES;
				SDKROOT = iphoneos;
				SWIFT_COMPILATION_MODE = wholemodule;
				SWIFT_OPTIMIZATION_LEVEL = "-O";
				VALIDATE_PRODUCT = YES;
			};
			name = Release;
		};
		2664B8F1255DABDD00286FCE /* Debug */ = {
			isa = XCBuildConfiguration;
			baseConfigurationReference = 9C27932598015CDFEC2C0F3F /* Pods-NationalParks.debug.xcconfig */;
			buildSettings = {
				ASSETCATALOG_COMPILER_APPICON_NAME = AppIcon;
				ASSETCATALOG_COMPILER_GLOBAL_ACCENT_COLOR_NAME = AccentColor;
				CODE_SIGN_STYLE = Automatic;
				INFOPLIST_FILE = NationalParks/Info.plist;
				LD_RUNPATH_SEARCH_PATHS = (
					"$(inherited)",
					"@executable_path/Frameworks",
				);
				PRODUCT_BUNDLE_IDENTIFIER = vb.NationalParks;
				PRODUCT_NAME = "$(TARGET_NAME)";
				SWIFT_VERSION = 5.0;
				TARGETED_DEVICE_FAMILY = "1,2";
			};
			name = Debug;
		};
		2664B8F2255DABDD00286FCE /* Release */ = {
			isa = XCBuildConfiguration;
			baseConfigurationReference = 4766117BBEF062AF461B1A44 /* Pods-NationalParks.release.xcconfig */;
			buildSettings = {
				ASSETCATALOG_COMPILER_APPICON_NAME = AppIcon;
				ASSETCATALOG_COMPILER_GLOBAL_ACCENT_COLOR_NAME = AccentColor;
				CODE_SIGN_STYLE = Automatic;
				INFOPLIST_FILE = NationalParks/Info.plist;
				LD_RUNPATH_SEARCH_PATHS = (
					"$(inherited)",
					"@executable_path/Frameworks",
				);
				PRODUCT_BUNDLE_IDENTIFIER = vb.NationalParks;
				PRODUCT_NAME = "$(TARGET_NAME)";
				SWIFT_VERSION = 5.0;
				TARGETED_DEVICE_FAMILY = "1,2";
			};
			name = Release;
		};
		2664B8F4255DABDD00286FCE /* Debug */ = {
			isa = XCBuildConfiguration;
			baseConfigurationReference = E841918F7A66712DA8C07F76 /* Pods-NationalParksTests.debug.xcconfig */;
			buildSettings = {
				ALWAYS_EMBED_SWIFT_STANDARD_LIBRARIES = YES;
				BUNDLE_LOADER = "$(TEST_HOST)";
				CODE_SIGN_STYLE = Automatic;
				INFOPLIST_FILE = NationalParksTests/Info.plist;
				IPHONEOS_DEPLOYMENT_TARGET = 14.1;
				LD_RUNPATH_SEARCH_PATHS = (
					"$(inherited)",
					"@executable_path/Frameworks",
					"@loader_path/Frameworks",
				);
				PRODUCT_BUNDLE_IDENTIFIER = vb.NationalParksTests;
				PRODUCT_NAME = "$(TARGET_NAME)";
				SWIFT_VERSION = 5.0;
				TARGETED_DEVICE_FAMILY = "1,2";
				TEST_HOST = "$(BUILT_PRODUCTS_DIR)/NationalParks.app/NationalParks";
			};
			name = Debug;
		};
		2664B8F5255DABDD00286FCE /* Release */ = {
			isa = XCBuildConfiguration;
			baseConfigurationReference = D4C38047598FB2F6D484CD17 /* Pods-NationalParksTests.release.xcconfig */;
			buildSettings = {
				ALWAYS_EMBED_SWIFT_STANDARD_LIBRARIES = YES;
				BUNDLE_LOADER = "$(TEST_HOST)";
				CODE_SIGN_STYLE = Automatic;
				INFOPLIST_FILE = NationalParksTests/Info.plist;
				IPHONEOS_DEPLOYMENT_TARGET = 14.1;
				LD_RUNPATH_SEARCH_PATHS = (
					"$(inherited)",
					"@executable_path/Frameworks",
					"@loader_path/Frameworks",
				);
				PRODUCT_BUNDLE_IDENTIFIER = vb.NationalParksTests;
				PRODUCT_NAME = "$(TARGET_NAME)";
				SWIFT_VERSION = 5.0;
				TARGETED_DEVICE_FAMILY = "1,2";
				TEST_HOST = "$(BUILT_PRODUCTS_DIR)/NationalParks.app/NationalParks";
			};
			name = Release;
		};
		2664B8F7255DABDD00286FCE /* Debug */ = {
			isa = XCBuildConfiguration;
			baseConfigurationReference = B584CD3E11929643351D5A94 /* Pods-NationalParks-NationalParksUITests.debug.xcconfig */;
			buildSettings = {
				ALWAYS_EMBED_SWIFT_STANDARD_LIBRARIES = YES;
				CODE_SIGN_STYLE = Automatic;
				INFOPLIST_FILE = NationalParksUITests/Info.plist;
				LD_RUNPATH_SEARCH_PATHS = (
					"$(inherited)",
					"@executable_path/Frameworks",
					"@loader_path/Frameworks",
				);
				PRODUCT_BUNDLE_IDENTIFIER = vb.NationalParksUITests;
				PRODUCT_NAME = "$(TARGET_NAME)";
				SWIFT_VERSION = 5.0;
				TARGETED_DEVICE_FAMILY = "1,2";
				TEST_TARGET_NAME = NationalParks;
			};
			name = Debug;
		};
		2664B8F8255DABDD00286FCE /* Release */ = {
			isa = XCBuildConfiguration;
			baseConfigurationReference = EE64FA4ABE64041A47341F16 /* Pods-NationalParks-NationalParksUITests.release.xcconfig */;
			buildSettings = {
				ALWAYS_EMBED_SWIFT_STANDARD_LIBRARIES = YES;
				CODE_SIGN_STYLE = Automatic;
				INFOPLIST_FILE = NationalParksUITests/Info.plist;
				LD_RUNPATH_SEARCH_PATHS = (
					"$(inherited)",
					"@executable_path/Frameworks",
					"@loader_path/Frameworks",
				);
				PRODUCT_BUNDLE_IDENTIFIER = vb.NationalParksUITests;
				PRODUCT_NAME = "$(TARGET_NAME)";
				SWIFT_VERSION = 5.0;
				TARGETED_DEVICE_FAMILY = "1,2";
				TEST_TARGET_NAME = NationalParks;
			};
			name = Release;
		};
/* End XCBuildConfiguration section */

/* Begin XCConfigurationList section */
		2664B8C1255DABDA00286FCE /* Build configuration list for PBXProject "NationalParks" */ = {
			isa = XCConfigurationList;
			buildConfigurations = (
				2664B8EE255DABDD00286FCE /* Debug */,
				2664B8EF255DABDD00286FCE /* Release */,
			);
			defaultConfigurationIsVisible = 0;
			defaultConfigurationName = Release;
		};
		2664B8F0255DABDD00286FCE /* Build configuration list for PBXNativeTarget "NationalParks" */ = {
			isa = XCConfigurationList;
			buildConfigurations = (
				2664B8F1255DABDD00286FCE /* Debug */,
				2664B8F2255DABDD00286FCE /* Release */,
			);
			defaultConfigurationIsVisible = 0;
			defaultConfigurationName = Release;
		};
		2664B8F3255DABDD00286FCE /* Build configuration list for PBXNativeTarget "NationalParksTests" */ = {
			isa = XCConfigurationList;
			buildConfigurations = (
				2664B8F4255DABDD00286FCE /* Debug */,
				2664B8F5255DABDD00286FCE /* Release */,
			);
			defaultConfigurationIsVisible = 0;
			defaultConfigurationName = Release;
		};
		2664B8F6255DABDD00286FCE /* Build configuration list for PBXNativeTarget "NationalParksUITests" */ = {
			isa = XCConfigurationList;
			buildConfigurations = (
				2664B8F7255DABDD00286FCE /* Debug */,
				2664B8F8255DABDD00286FCE /* Release */,
			);
			defaultConfigurationIsVisible = 0;
			defaultConfigurationName = Release;
		};
/* End XCConfigurationList section */
	};
	rootObject = 2664B8BE255DABDA00286FCE /* Project object */;
}
